
Microsoft Visual Studio Solution File, Format Version 12.00
# Visual Studio Version 17
VisualStudioVersion = 17.6.33815.320
MinimumVisualStudioVersion = 10.0.40219.1
Project("{9A19103F-16F7-4668-BE54-9A1E7A4F7556}") = "05_WetterApp.Tests", "05_WetterApp.Tests\05_WetterApp.Tests.csproj", "{700AEB87-CEB7-49E7-8B4C-48FE1EE6A2BB}"
	ProjectSection(ProjectDependencies) = postProject
		{91FD5A04-1165-4A5F-8D89-5339831C6956} = {91FD5A04-1165-4A5F-8D89-5339831C6956}
	EndProjectSection
EndProject
Project("{9A19103F-16F7-4668-BE54-9A1E7A4F7556}") = "01_WetterApp.UI", "01_WetterApp.UI\01_WetterApp.UI.csproj", "{91FD5A04-1165-4A5F-8D89-5339831C6956}"
EndProject
Project("{2150E333-8FDC-42A3-9474-1A3956D46DE8}") = "Solution Items", "Solution Items", "{5CA520CF-C7C8-46DC-AF33-C3ECDF6FC366}"
	ProjectSection(SolutionItems) = preProject
		.editorconfig = .editorconfig
	EndProjectSection
EndProject
Project("{FAE04EC0-301F-11D3-BF4B-00C04F79EFBC}") = "03_WetterApp.Models", "03_WetterApp.Models\03_WetterApp.Models.csproj", "{A82141AB-801B-4C86-A6A8-A68C96A652CF}"
EndProject
Project("{FAE04EC0-301F-11D3-BF4B-00C04F79EFBC}") = "02_WetterApp.Data", "02_WetterApp.Data\02_WetterApp.Data.csproj", "{901D86B9-01E7-4016-BA05-B0872ED27E3B}"
EndProject
Global
	GlobalSection(SolutionConfigurationPlatforms) = preSolution
		Debug|Any CPU = Debug|Any CPU
		Release|Any CPU = Release|Any CPU
	EndGlobalSection
	GlobalSection(ProjectConfigurationPlatforms) = postSolution
		{700AEB87-CEB7-49E7-8B4C-48FE1EE6A2BB}.Debug|Any CPU.ActiveCfg = Debug|Any CPU
		{700AEB87-CEB7-49E7-8B4C-48FE1EE6A2BB}.Debug|Any CPU.Build.0 = Debug|Any CPU
		{700AEB87-CEB7-49E7-8B4C-48FE1EE6A2BB}.Release|Any CPU.ActiveCfg = Release|Any CPU
		{700AEB87-CEB7-49E7-8B4C-48FE1EE6A2BB}.Release|Any CPU.Build.0 = Release|Any CPU
		{91FD5A04-1165-4A5F-8D89-5339831C6956}.Debug|Any CPU.ActiveCfg = Debug|Any CPU
		{91FD5A04-1165-4A5F-8D89-5339831C6956}.Debug|Any CPU.Build.0 = Debug|Any CPU
		{91FD5A04-1165-4A5F-8D89-5339831C6956}.Release|Any CPU.ActiveCfg = Release|Any CPU
		{91FD5A04-1165-4A5F-8D89-5339831C6956}.Release|Any CPU.Build.0 = Release|Any CPU
		{A82141AB-801B-4C86-A6A8-A68C96A652CF}.Debug|Any CPU.ActiveCfg = Debug|Any CPU
		{A82141AB-801B-4C86-A6A8-A68C96A652CF}.Debug|Any CPU.Build.0 = Debug|Any CPU
		{A82141AB-801B-4C86-A6A8-A68C96A652CF}.Release|Any CPU.ActiveCfg = Release|Any CPU
		{A82141AB-801B-4C86-A6A8-A68C96A652CF}.Release|Any CPU.Build.0 = Release|Any CPU
		{901D86B9-01E7-4016-BA05-B0872ED27E3B}.Debug|Any CPU.ActiveCfg = Debug|Any CPU
		{901D86B9-01E7-4016-BA05-B0872ED27E3B}.Debug|Any CPU.Build.0 = Debug|Any CPU
		{901D86B9-01E7-4016-BA05-B0872ED27E3B}.Release|Any CPU.ActiveCfg = Release|Any CPU
		{901D86B9-01E7-4016-BA05-B0872ED27E3B}.Release|Any CPU.Build.0 = Release|Any CPU
	EndGlobalSection
	GlobalSection(SolutionProperties) = preSolution
		HideSolutionNode = FALSE
	EndGlobalSection
	GlobalSection(ExtensibilityGlobals) = postSolution
		SolutionGuid = {FCF24D7D-3150-4BF4-A4B2-F443E50C2D3C}
	EndGlobalSection
EndGlobal
